
Microsoft Visual Studio Solution File, Format Version 12.00
# Visual Studio 2012
Project("{FAE04EC0-301F-11D3-BF4B-00C04F79EFBC}") = "FeatureBee.Client", "FeatureBee.Client\FeatureBee.Client.csproj", "{93EC90DF-046A-4355-84D8-9ED8A71D83D5}"
EndProject
Project("{FAE04EC0-301F-11D3-BF4B-00C04F79EFBC}") = "FeatureBee.Client.Acceptance", "FeatureBee.Client.Acceptance\FeatureBee.Client.Acceptance.csproj", "{EB17BB37-77F2-4134-A14D-34CEB24301AA}"
EndProject
Project("{FAE04EC0-301F-11D3-BF4B-00C04F79EFBC}") = "FeatureBee.Server", "FeatureBee.Server\FeatureBee.Server.csproj", "{A03B0D0A-2F70-498E-B7A5-5DC32D4AC789}"
EndProject
Project("{2150E333-8FDC-42A3-9474-1A3956D46DE8}") = "Samples", "Samples", "{BDEE428A-155B-422B-86AC-D429C96DB4F6}"
EndProject
Project("{FAE04EC0-301F-11D3-BF4B-00C04F79EFBC}") = "FeatureBee.Samples.Web", "FeatureBee.Samples.Web\FeatureBee.Samples.Web.csproj", "{BC8B5EEB-7A51-4399-8EE6-F3B2D5124493}"
EndProject
Global
	GlobalSection(SolutionConfigurationPlatforms) = preSolution
		Debug|Any CPU = Debug|Any CPU
		Release|Any CPU = Release|Any CPU
	EndGlobalSection
	GlobalSection(ProjectConfigurationPlatforms) = postSolution
		{93EC90DF-046A-4355-84D8-9ED8A71D83D5}.Debug|Any CPU.ActiveCfg = Debug|Any CPU
		{93EC90DF-046A-4355-84D8-9ED8A71D83D5}.Debug|Any CPU.Build.0 = Debug|Any CPU
		{93EC90DF-046A-4355-84D8-9ED8A71D83D5}.Release|Any CPU.ActiveCfg = Release|Any CPU
		{93EC90DF-046A-4355-84D8-9ED8A71D83D5}.Release|Any CPU.Build.0 = Release|Any CPU
		{EB17BB37-77F2-4134-A14D-34CEB24301AA}.Debug|Any CPU.ActiveCfg = Debug|Any CPU
		{EB17BB37-77F2-4134-A14D-34CEB24301AA}.Debug|Any CPU.Build.0 = Debug|Any CPU
		{EB17BB37-77F2-4134-A14D-34CEB24301AA}.Release|Any CPU.ActiveCfg = Release|Any CPU
		{EB17BB37-77F2-4134-A14D-34CEB24301AA}.Release|Any CPU.Build.0 = Release|Any CPU
		{A03B0D0A-2F70-498E-B7A5-5DC32D4AC789}.Debug|Any CPU.ActiveCfg = Debug|Any CPU
		{A03B0D0A-2F70-498E-B7A5-5DC32D4AC789}.Debug|Any CPU.Build.0 = Debug|Any CPU
		{A03B0D0A-2F70-498E-B7A5-5DC32D4AC789}.Release|Any CPU.ActiveCfg = Release|Any CPU
		{A03B0D0A-2F70-498E-B7A5-5DC32D4AC789}.Release|Any CPU.Build.0 = Release|Any CPU
		{BC8B5EEB-7A51-4399-8EE6-F3B2D5124493}.Debug|Any CPU.ActiveCfg = Debug|Any CPU
		{BC8B5EEB-7A51-4399-8EE6-F3B2D5124493}.Debug|Any CPU.Build.0 = Debug|Any CPU
		{BC8B5EEB-7A51-4399-8EE6-F3B2D5124493}.Release|Any CPU.ActiveCfg = Release|Any CPU
		{BC8B5EEB-7A51-4399-8EE6-F3B2D5124493}.Release|Any CPU.Build.0 = Release|Any CPU
	EndGlobalSection
	GlobalSection(SolutionProperties) = preSolution
		HideSolutionNode = FALSE
	EndGlobalSection
EndGlobal
